
Microsoft Visual Studio Solution File, Format Version 12.00
# Visual Studio Version 17
VisualStudioVersion = 17.0.31903.59
MinimumVisualStudioVersion = 10.0.40219.1
Project("{2150E333-8FDC-42A3-9474-1A3956D46DE8}") = "AdditionalFiles", "AdditionalFiles", "{C838CBC6-19FA-43E2-9773-373C5D19D3F0}"
	ProjectSection(SolutionItems) = preProject
		.gitignore = .gitignore
		README.md = README.md
	EndProjectSection
EndProject
Project("{9A19103F-16F7-4668-BE54-9A1E7A4F7556}") = "DiAPI", "01_DI\DiAPI\DiAPI.csproj", "{C8103BEE-B42B-4419-9792-A4453C1F3416}"
EndProject
Project("{2150E333-8FDC-42A3-9474-1A3956D46DE8}") = "03_JSON", "03_JSON", "{89C5F7BB-6BC3-4A63-8C94-55072040A6D6}"
	ProjectSection(SolutionItems) = preProject
		03_JSON\JSON.md = 03_JSON\JSON.md
	EndProjectSection
EndProject
Project("{9A19103F-16F7-4668-BE54-9A1E7A4F7556}") = "WeatherAPI", "03_JSON\API\WeatherAPI\WeatherAPI.csproj", "{35A0A4D5-736A-4B2D-9E43-AD15EB72B8C2}"
EndProject
Project("{9A19103F-16F7-4668-BE54-9A1E7A4F7556}") = "Deserializer", "03_JSON\DeserializatioApp\Deserializer\Deserializer.csproj", "{BC72AC0C-7DE0-47CE-BFB9-E7F706589C2B}"
EndProject
Project("{9A19103F-16F7-4668-BE54-9A1E7A4F7556}") = "Serializer", "03_JSON\SerializatioApp\Serializer\Serializer.csproj", "{DE962B85-D3FD-4AC6-819D-A886BDB60EB5}"
EndProject
Project("{2150E333-8FDC-42A3-9474-1A3956D46DE8}") = "01_DependencyInjection", "01_DependencyInjection", "{B045C9D3-8FF6-41D2-BD2C-23E9FC99DA1F}"
EndProject
Project("{9A19103F-16F7-4668-BE54-9A1E7A4F7556}") = "PersonAPI", "05_DTO\PersonAPI\PersonAPI.csproj", "{6B5DE913-687F-44CF-B869-575439AC483B}"
EndProject
Project("{2150E333-8FDC-42A3-9474-1A3956D46DE8}") = "05_DTO", "05_DTO", "{C755ABC6-77B3-4352-B1A9-4756AADED7F2}"
EndProject
Project("{9A19103F-16F7-4668-BE54-9A1E7A4F7556}") = "RP", "04_RepositoryPattern\RP\RP.csproj", "{9EFDBBFA-C956-488D-94E9-C85F81076125}"
EndProject
Project("{2150E333-8FDC-42A3-9474-1A3956D46DE8}") = "04_RepositoryPattern", "04_RepositoryPattern", "{7BC8FC3E-067C-42BA-A9C9-9DC9192D5425}"
EndProject
Project("{2150E333-8FDC-42A3-9474-1A3956D46DE8}") = "02_Secrets", "02_Secrets", "{6D04E557-E64E-412D-A70D-BDD3CE00278D}"
	ProjectSection(SolutionItems) = preProject
		02_Secrets\Example.PNG = 02_Secrets\Example.PNG
		02_Secrets\Secrets.md = 02_Secrets\Secrets.md
		02_Secrets\Secrets.PNG = 02_Secrets\Secrets.PNG
	EndProjectSection
EndProject
Project("{9A19103F-16F7-4668-BE54-9A1E7A4F7556}") = "CommandConfig", "02_Secrets\CommandConfig\CommandConfig.csproj", "{801DF200-A201-4F9E-A918-DC82BEC89E0B}"
EndProject
Project("{9A19103F-16F7-4668-BE54-9A1E7A4F7556}") = "UserAPI", "02_Secrets\UserAPI\UserAPI.csproj", "{3A89DB4D-89BE-45DF-ADE8-6F40A24D68CC}"
EndProject
Project("{2150E333-8FDC-42A3-9474-1A3956D46DE8}") = "06_Docker", "06_Docker", "{F5F604A4-DAD5-48C5-A2F5-0A6058F098FB}"
EndProject
Project("{2150E333-8FDC-42A3-9474-1A3956D46DE8}") = "07_Git", "07_Git", "{697698B2-964F-4738-91D2-607946CC67FB}"
	ProjectSection(SolutionItems) = preProject
		07_Git\Git.md = 07_Git\Git.md
		07_Git\Git.PNG = 07_Git\Git.PNG
	EndProjectSection
EndProject
Project("{2150E333-8FDC-42A3-9474-1A3956D46DE8}") = "08_CI-CD", "08_CI-CD", "{2C52AC37-BBAF-4830-9E8C-564B045718EC}"
	ProjectSection(SolutionItems) = preProject
		08_CI-CD\01_CI-CD.PNG = 08_CI-CD\01_CI-CD.PNG
		08_CI-CD\02_Lifecycle.PNG = 08_CI-CD\02_Lifecycle.PNG
		08_CI-CD\03_Lifecycle.PNG = 08_CI-CD\03_Lifecycle.PNG
		08_CI-CD\04_TechStack.PNG = 08_CI-CD\04_TechStack.PNG
		08_CI-CD\05_TechStack.PNG = 08_CI-CD\05_TechStack.PNG
		08_CI-CD\CI-CD.md = 08_CI-CD\CI-CD.md
	EndProjectSection
EndProject
Project("{2150E333-8FDC-42A3-9474-1A3956D46DE8}") = "09_Azure", "09_Azure", "{FF8BE809-C299-4B3D-8669-6FFC9A1B6937}"
EndProject
Project("{9A19103F-16F7-4668-BE54-9A1E7A4F7556}") = "PrintColor", "07_Git\PrintColor\PrintColor.csproj", "{BDCFD753-F629-46EB-8377-DD11F55C5451}"
EndProject
Project("{9A19103F-16F7-4668-BE54-9A1E7A4F7556}") = "ToDoAPI", "08_CI-CD\ToDoAPI\src\ToDoAPI\ToDoAPI.csproj", "{0822905E-445A-47F6-ACC5-5911C5DB6007}"
EndProject
Project("{9A19103F-16F7-4668-BE54-9A1E7A4F7556}") = "ToDoAPI.Tests", "08_CI-CD\ToDoAPI\test\ToDoAPI.Tests\ToDoAPI.Tests.csproj", "{83939078-5484-4637-B225-B6A0C7C160D5}"
EndProject
Global
	GlobalSection(SolutionConfigurationPlatforms) = preSolution
		Debug|Any CPU = Debug|Any CPU
		Release|Any CPU = Release|Any CPU
	EndGlobalSection
	GlobalSection(ProjectConfigurationPlatforms) = postSolution
		{C8103BEE-B42B-4419-9792-A4453C1F3416}.Debug|Any CPU.ActiveCfg = Debug|Any CPU
		{C8103BEE-B42B-4419-9792-A4453C1F3416}.Debug|Any CPU.Build.0 = Debug|Any CPU
		{C8103BEE-B42B-4419-9792-A4453C1F3416}.Release|Any CPU.ActiveCfg = Release|Any CPU
		{C8103BEE-B42B-4419-9792-A4453C1F3416}.Release|Any CPU.Build.0 = Release|Any CPU
		{35A0A4D5-736A-4B2D-9E43-AD15EB72B8C2}.Debug|Any CPU.ActiveCfg = Debug|Any CPU
		{35A0A4D5-736A-4B2D-9E43-AD15EB72B8C2}.Debug|Any CPU.Build.0 = Debug|Any CPU
		{35A0A4D5-736A-4B2D-9E43-AD15EB72B8C2}.Release|Any CPU.ActiveCfg = Release|Any CPU
		{35A0A4D5-736A-4B2D-9E43-AD15EB72B8C2}.Release|Any CPU.Build.0 = Release|Any CPU
		{BC72AC0C-7DE0-47CE-BFB9-E7F706589C2B}.Debug|Any CPU.ActiveCfg = Debug|Any CPU
		{BC72AC0C-7DE0-47CE-BFB9-E7F706589C2B}.Debug|Any CPU.Build.0 = Debug|Any CPU
		{BC72AC0C-7DE0-47CE-BFB9-E7F706589C2B}.Release|Any CPU.ActiveCfg = Release|Any CPU
		{BC72AC0C-7DE0-47CE-BFB9-E7F706589C2B}.Release|Any CPU.Build.0 = Release|Any CPU
		{DE962B85-D3FD-4AC6-819D-A886BDB60EB5}.Debug|Any CPU.ActiveCfg = Debug|Any CPU
		{DE962B85-D3FD-4AC6-819D-A886BDB60EB5}.Debug|Any CPU.Build.0 = Debug|Any CPU
		{DE962B85-D3FD-4AC6-819D-A886BDB60EB5}.Release|Any CPU.ActiveCfg = Release|Any CPU
		{DE962B85-D3FD-4AC6-819D-A886BDB60EB5}.Release|Any CPU.Build.0 = Release|Any CPU
		{6B5DE913-687F-44CF-B869-575439AC483B}.Debug|Any CPU.ActiveCfg = Debug|Any CPU
		{6B5DE913-687F-44CF-B869-575439AC483B}.Debug|Any CPU.Build.0 = Debug|Any CPU
		{6B5DE913-687F-44CF-B869-575439AC483B}.Release|Any CPU.ActiveCfg = Release|Any CPU
		{6B5DE913-687F-44CF-B869-575439AC483B}.Release|Any CPU.Build.0 = Release|Any CPU
		{9EFDBBFA-C956-488D-94E9-C85F81076125}.Debug|Any CPU.ActiveCfg = Debug|Any CPU
		{9EFDBBFA-C956-488D-94E9-C85F81076125}.Debug|Any CPU.Build.0 = Debug|Any CPU
		{9EFDBBFA-C956-488D-94E9-C85F81076125}.Release|Any CPU.ActiveCfg = Release|Any CPU
		{9EFDBBFA-C956-488D-94E9-C85F81076125}.Release|Any CPU.Build.0 = Release|Any CPU
		{801DF200-A201-4F9E-A918-DC82BEC89E0B}.Debug|Any CPU.ActiveCfg = Debug|Any CPU
		{801DF200-A201-4F9E-A918-DC82BEC89E0B}.Debug|Any CPU.Build.0 = Debug|Any CPU
		{801DF200-A201-4F9E-A918-DC82BEC89E0B}.Release|Any CPU.ActiveCfg = Release|Any CPU
		{801DF200-A201-4F9E-A918-DC82BEC89E0B}.Release|Any CPU.Build.0 = Release|Any CPU
		{3A89DB4D-89BE-45DF-ADE8-6F40A24D68CC}.Debug|Any CPU.ActiveCfg = Debug|Any CPU
		{3A89DB4D-89BE-45DF-ADE8-6F40A24D68CC}.Debug|Any CPU.Build.0 = Debug|Any CPU
		{3A89DB4D-89BE-45DF-ADE8-6F40A24D68CC}.Release|Any CPU.ActiveCfg = Release|Any CPU
		{3A89DB4D-89BE-45DF-ADE8-6F40A24D68CC}.Release|Any CPU.Build.0 = Release|Any CPU
		{BDCFD753-F629-46EB-8377-DD11F55C5451}.Debug|Any CPU.ActiveCfg = Debug|Any CPU
		{BDCFD753-F629-46EB-8377-DD11F55C5451}.Debug|Any CPU.Build.0 = Debug|Any CPU
		{BDCFD753-F629-46EB-8377-DD11F55C5451}.Release|Any CPU.ActiveCfg = Release|Any CPU
		{BDCFD753-F629-46EB-8377-DD11F55C5451}.Release|Any CPU.Build.0 = Release|Any CPU
		{0822905E-445A-47F6-ACC5-5911C5DB6007}.Debug|Any CPU.ActiveCfg = Debug|Any CPU
		{0822905E-445A-47F6-ACC5-5911C5DB6007}.Debug|Any CPU.Build.0 = Debug|Any CPU
		{0822905E-445A-47F6-ACC5-5911C5DB6007}.Release|Any CPU.ActiveCfg = Release|Any CPU
		{0822905E-445A-47F6-ACC5-5911C5DB6007}.Release|Any CPU.Build.0 = Release|Any CPU
		{83939078-5484-4637-B225-B6A0C7C160D5}.Debug|Any CPU.ActiveCfg = Debug|Any CPU
		{83939078-5484-4637-B225-B6A0C7C160D5}.Debug|Any CPU.Build.0 = Debug|Any CPU
		{83939078-5484-4637-B225-B6A0C7C160D5}.Release|Any CPU.ActiveCfg = Release|Any CPU
		{83939078-5484-4637-B225-B6A0C7C160D5}.Release|Any CPU.Build.0 = Release|Any CPU
	EndGlobalSection
	GlobalSection(SolutionProperties) = preSolution
		HideSolutionNode = FALSE
	EndGlobalSection
	GlobalSection(NestedProjects) = preSolution
		{C8103BEE-B42B-4419-9792-A4453C1F3416} = {B045C9D3-8FF6-41D2-BD2C-23E9FC99DA1F}
		{35A0A4D5-736A-4B2D-9E43-AD15EB72B8C2} = {89C5F7BB-6BC3-4A63-8C94-55072040A6D6}
		{BC72AC0C-7DE0-47CE-BFB9-E7F706589C2B} = {89C5F7BB-6BC3-4A63-8C94-55072040A6D6}
		{DE962B85-D3FD-4AC6-819D-A886BDB60EB5} = {89C5F7BB-6BC3-4A63-8C94-55072040A6D6}
		{6B5DE913-687F-44CF-B869-575439AC483B} = {C755ABC6-77B3-4352-B1A9-4756AADED7F2}
		{9EFDBBFA-C956-488D-94E9-C85F81076125} = {7BC8FC3E-067C-42BA-A9C9-9DC9192D5425}
		{801DF200-A201-4F9E-A918-DC82BEC89E0B} = {6D04E557-E64E-412D-A70D-BDD3CE00278D}
		{3A89DB4D-89BE-45DF-ADE8-6F40A24D68CC} = {6D04E557-E64E-412D-A70D-BDD3CE00278D}
		{BDCFD753-F629-46EB-8377-DD11F55C5451} = {697698B2-964F-4738-91D2-607946CC67FB}
		{0822905E-445A-47F6-ACC5-5911C5DB6007} = {2C52AC37-BBAF-4830-9E8C-564B045718EC}
		{83939078-5484-4637-B225-B6A0C7C160D5} = {2C52AC37-BBAF-4830-9E8C-564B045718EC}
	EndGlobalSection
	GlobalSection(ExtensibilityGlobals) = postSolution
		SolutionGuid = {3E809FF6-B739-4A1E-9964-B6B926EFF3DF}
	EndGlobalSection
EndGlobal
